
Microsoft Visual Studio Solution File, Format Version 12.00
# Visual Studio 15
VisualStudioVersion = 15.0.28307.757
MinimumVisualStudioVersion = 10.0.40219.1
Project("{FAE04EC0-301F-11D3-BF4B-00C04F79EFBC}") = "ContosoUniversity", "ContosoUniversity\ContosoUniversity.csproj", "{2C36E838-1701-4734-8629-12A3D7974233}"
EndProject
Project("{FAE04EC0-301F-11D3-BF4B-00C04F79EFBC}") = "ContosoUniversity.IntegrationTests", "ContosoUniversity.IntegrationTests\ContosoUniversity.IntegrationTests.csproj", "{46D1945E-414A-4B92-8CE0-88B93B39CF9D}"
EndProject
Project("{FAE04EC0-301F-11D3-BF4B-00C04F79EFBC}") = "ContosoUniversity.UnitTests", "ContosoUniversity.UnitTests\ContosoUniversity.UnitTests.csproj", "{4CDCEFEE-CE68-40F0-A6C3-A8A475B7EE3F}"
EndProject
Project("{FAE04EC0-301F-11D3-BF4B-00C04F79EFBC}") = "Domain", "Domain\Domain.csproj", "{F65261B4-E1E0-424A-A309-C3A6A969C994}"
EndProject
Project("{FAE04EC0-301F-11D3-BF4B-00C04F79EFBC}") = "Data", "Data\Data.csproj", "{97832CDE-86B1-47F2-852C-BE8FFD7CD3FD}"
EndProject
Project("{FAE04EC0-301F-11D3-BF4B-00C04F79EFBC}") = "Infrastructure", "Infrastructure\Infrastructure.csproj", "{5EB43106-EAC0-4E37-BF19-1E62003B5DC0}"
EndProject
Project("{FAE04EC0-301F-11D3-BF4B-00C04F79EFBC}") = "Application", "Application\Application.csproj", "{40B062FE-C49B-4D2E-80FF-AD6898AEED1E}"
EndProject
Project("{FAE04EC0-301F-11D3-BF4B-00C04F79EFBC}") = "Common", "Common\Common.csproj", "{02A670C1-F1A2-4053-92D7-6E1752D2BFBA}"
EndProject
Global
	GlobalSection(SolutionConfigurationPlatforms) = preSolution
		Debug|Any CPU = Debug|Any CPU
		Release|Any CPU = Release|Any CPU
	EndGlobalSection
	GlobalSection(ProjectConfigurationPlatforms) = postSolution
		{2C36E838-1701-4734-8629-12A3D7974233}.Debug|Any CPU.ActiveCfg = Debug|Any CPU
		{2C36E838-1701-4734-8629-12A3D7974233}.Debug|Any CPU.Build.0 = Debug|Any CPU
		{2C36E838-1701-4734-8629-12A3D7974233}.Release|Any CPU.ActiveCfg = Release|Any CPU
		{2C36E838-1701-4734-8629-12A3D7974233}.Release|Any CPU.Build.0 = Release|Any CPU
		{46D1945E-414A-4B92-8CE0-88B93B39CF9D}.Debug|Any CPU.ActiveCfg = Debug|Any CPU
		{46D1945E-414A-4B92-8CE0-88B93B39CF9D}.Debug|Any CPU.Build.0 = Debug|Any CPU
		{46D1945E-414A-4B92-8CE0-88B93B39CF9D}.Release|Any CPU.ActiveCfg = Release|Any CPU
		{46D1945E-414A-4B92-8CE0-88B93B39CF9D}.Release|Any CPU.Build.0 = Release|Any CPU
		{4CDCEFEE-CE68-40F0-A6C3-A8A475B7EE3F}.Debug|Any CPU.ActiveCfg = Debug|Any CPU
		{4CDCEFEE-CE68-40F0-A6C3-A8A475B7EE3F}.Debug|Any CPU.Build.0 = Debug|Any CPU
		{4CDCEFEE-CE68-40F0-A6C3-A8A475B7EE3F}.Release|Any CPU.ActiveCfg = Release|Any CPU
		{4CDCEFEE-CE68-40F0-A6C3-A8A475B7EE3F}.Release|Any CPU.Build.0 = Release|Any CPU
		{F65261B4-E1E0-424A-A309-C3A6A969C994}.Debug|Any CPU.ActiveCfg = Debug|Any CPU
		{F65261B4-E1E0-424A-A309-C3A6A969C994}.Debug|Any CPU.Build.0 = Debug|Any CPU
		{F65261B4-E1E0-424A-A309-C3A6A969C994}.Release|Any CPU.ActiveCfg = Release|Any CPU
		{F65261B4-E1E0-424A-A309-C3A6A969C994}.Release|Any CPU.Build.0 = Release|Any CPU
		{97832CDE-86B1-47F2-852C-BE8FFD7CD3FD}.Debug|Any CPU.ActiveCfg = Debug|Any CPU
		{97832CDE-86B1-47F2-852C-BE8FFD7CD3FD}.Debug|Any CPU.Build.0 = Debug|Any CPU
		{97832CDE-86B1-47F2-852C-BE8FFD7CD3FD}.Release|Any CPU.ActiveCfg = Release|Any CPU
		{97832CDE-86B1-47F2-852C-BE8FFD7CD3FD}.Release|Any CPU.Build.0 = Release|Any CPU
		{5EB43106-EAC0-4E37-BF19-1E62003B5DC0}.Debug|Any CPU.ActiveCfg = Debug|Any CPU
		{5EB43106-EAC0-4E37-BF19-1E62003B5DC0}.Debug|Any CPU.Build.0 = Debug|Any CPU
		{5EB43106-EAC0-4E37-BF19-1E62003B5DC0}.Release|Any CPU.ActiveCfg = Release|Any CPU
		{5EB43106-EAC0-4E37-BF19-1E62003B5DC0}.Release|Any CPU.Build.0 = Release|Any CPU
		{40B062FE-C49B-4D2E-80FF-AD6898AEED1E}.Debug|Any CPU.ActiveCfg = Debug|Any CPU
		{40B062FE-C49B-4D2E-80FF-AD6898AEED1E}.Debug|Any CPU.Build.0 = Debug|Any CPU
		{40B062FE-C49B-4D2E-80FF-AD6898AEED1E}.Release|Any CPU.ActiveCfg = Release|Any CPU
		{40B062FE-C49B-4D2E-80FF-AD6898AEED1E}.Release|Any CPU.Build.0 = Release|Any CPU
		{02A670C1-F1A2-4053-92D7-6E1752D2BFBA}.Debug|Any CPU.ActiveCfg = Debug|Any CPU
		{02A670C1-F1A2-4053-92D7-6E1752D2BFBA}.Debug|Any CPU.Build.0 = Debug|Any CPU
		{02A670C1-F1A2-4053-92D7-6E1752D2BFBA}.Release|Any CPU.ActiveCfg = Release|Any CPU
		{02A670C1-F1A2-4053-92D7-6E1752D2BFBA}.Release|Any CPU.Build.0 = Release|Any CPU
	EndGlobalSection
	GlobalSection(SolutionProperties) = preSolution
		HideSolutionNode = FALSE
	EndGlobalSection
	GlobalSection(ExtensibilityGlobals) = postSolution
		SolutionGuid = {C64B1120-9830-4D45-9D17-8D8E8358610E}
	EndGlobalSection
EndGlobal
